
Microsoft Visual Studio Solution File, Format Version 12.00
# Visual Studio Version 16
VisualStudioVersion = 16.0.29709.97
MinimumVisualStudioVersion = 10.0.40219.1
Project("{2150E333-8FDC-42A3-9474-1A3956D46DE8}") = "samples", "samples", "{598AB890-98C2-4DAE-B079-61BBEC8E22E4}"
EndProject
Project("{2150E333-8FDC-42A3-9474-1A3956D46DE8}") = "netcore2.0", "netcore2.0", "{2459B1ED-9F9A-4472-BCD2-1595ED65E1A5}"
EndProject
Project("{2150E333-8FDC-42A3-9474-1A3956D46DE8}") = "netcore3.0", "netcore3.0", "{8179B3B2-DD82-4F8C-B42F-B8D2B19D9577}"
EndProject
Project("{9A19103F-16F7-4668-BE54-9A1E7A4F7556}") = "DynamicRoleBasedAuthorization", "samples\netcore2.0\DynamicRoleBasedAuthorization\DynamicRoleBasedAuthorization.csproj", "{2FBC237E-F3B4-444A-AF25-83111218E21B}"
EndProject
Project("{9A19103F-16F7-4668-BE54-9A1E7A4F7556}") = "DynamicRoleBasedAuthorization", "samples\netcore3.0\DynamicRoleBasedAuthorization\DynamicRoleBasedAuthorization.csproj", "{7A33E6EB-DC22-4D4C-B581-50F642C32540}"
EndProject
Global
	GlobalSection(SolutionConfigurationPlatforms) = preSolution
		Debug|Any CPU = Debug|Any CPU
		Release|Any CPU = Release|Any CPU
	EndGlobalSection
	GlobalSection(ProjectConfigurationPlatforms) = postSolution
		{2FBC237E-F3B4-444A-AF25-83111218E21B}.Debug|Any CPU.ActiveCfg = Debug|Any CPU
		{2FBC237E-F3B4-444A-AF25-83111218E21B}.Debug|Any CPU.Build.0 = Debug|Any CPU
		{2FBC237E-F3B4-444A-AF25-83111218E21B}.Release|Any CPU.ActiveCfg = Release|Any CPU
		{2FBC237E-F3B4-444A-AF25-83111218E21B}.Release|Any CPU.Build.0 = Release|Any CPU
		{7A33E6EB-DC22-4D4C-B581-50F642C32540}.Debug|Any CPU.ActiveCfg = Debug|Any CPU
		{7A33E6EB-DC22-4D4C-B581-50F642C32540}.Debug|Any CPU.Build.0 = Debug|Any CPU
		{7A33E6EB-DC22-4D4C-B581-50F642C32540}.Release|Any CPU.ActiveCfg = Release|Any CPU
		{7A33E6EB-DC22-4D4C-B581-50F642C32540}.Release|Any CPU.Build.0 = Release|Any CPU
	EndGlobalSection
	GlobalSection(SolutionProperties) = preSolution
		HideSolutionNode = FALSE
	EndGlobalSection
	GlobalSection(NestedProjects) = preSolution
		{2459B1ED-9F9A-4472-BCD2-1595ED65E1A5} = {598AB890-98C2-4DAE-B079-61BBEC8E22E4}
		{8179B3B2-DD82-4F8C-B42F-B8D2B19D9577} = {598AB890-98C2-4DAE-B079-61BBEC8E22E4}
		{2FBC237E-F3B4-444A-AF25-83111218E21B} = {2459B1ED-9F9A-4472-BCD2-1595ED65E1A5}
		{7A33E6EB-DC22-4D4C-B581-50F642C32540} = {8179B3B2-DD82-4F8C-B42F-B8D2B19D9577}
	EndGlobalSection
	GlobalSection(ExtensibilityGlobals) = postSolution
		SolutionGuid = {18C80710-C9E9-488B-9100-1E4BF8B18038}
	EndGlobalSection
EndGlobal
