
Microsoft Visual Studio Solution File, Format Version 12.00
# Visual Studio Version 17
VisualStudioVersion = 17.0.32014.148
MinimumVisualStudioVersion = 10.0.40219.1
Project("{9A19103F-16F7-4668-BE54-9A1E7A4F7556}") = "DynamicAuthorization.Mvc.Core", "src\DynamicAuthorization.Mvc.Core\DynamicAuthorization.Mvc.Core.csproj", "{89E57FDC-5AF7-4AAF-A40B-FBA91D41ECF4}"
EndProject
Project("{9A19103F-16F7-4668-BE54-9A1E7A4F7556}") = "DynamicAuthorization.Mvc.JsonStore", "src\DynamicAuthorization.Mvc.JsonStore\DynamicAuthorization.Mvc.JsonStore.csproj", "{3E397C28-EDC7-4DCC-896F-476A9EE74E76}"
EndProject
Project("{2150E333-8FDC-42A3-9474-1A3956D46DE8}") = "src", "src", "{A7EEBB7E-C64D-4475-93D0-872E080A4E03}"
EndProject
Project("{2150E333-8FDC-42A3-9474-1A3956D46DE8}") = "samples", "samples", "{BAAF9837-1DB5-4032-AB2A-2901E6EE6EF8}"
EndProject
Project("{2150E333-8FDC-42A3-9474-1A3956D46DE8}") = "netcore3.x", "netcore3.x", "{5FEB9007-1EFA-4814-BC15-DB0370B84E22}"
EndProject
Project("{9A19103F-16F7-4668-BE54-9A1E7A4F7556}") = "SampleMvcWebApp", "samples\netcore3.x\SampleMvcWebApp\SampleMvcWebApp.csproj", "{0833E296-398F-42A4-9531-D125483AB019}"
EndProject
Project("{2150E333-8FDC-42A3-9474-1A3956D46DE8}") = "test", "test", "{DF22D7D8-4CE9-4A0E-9D9B-FB5D6D637089}"
EndProject
Project("{9A19103F-16F7-4668-BE54-9A1E7A4F7556}") = "DynamicRoleBasedAuthorization.Tests", "test\DynamicRoleBasedAuthorization.Tests\DynamicRoleBasedAuthorization.Tests.csproj", "{0FC61895-DE38-4526-96EE-C6CB6AA92A3B}"
EndProject
Project("{9A19103F-16F7-4668-BE54-9A1E7A4F7556}") = "DynamicAuthorization.Mvc.Ui", "src\DynamicAuthorization.Mvc.Ui\DynamicAuthorization.Mvc.Ui.csproj", "{4D5C1490-63F8-434A-A730-380AA6441CE9}"
EndProject
Project("{9A19103F-16F7-4668-BE54-9A1E7A4F7556}") = "SampleMvcWebAppWithUi", "samples\netcore3.x\SampleMvcWebAppWithUi\SampleMvcWebAppWithUi.csproj", "{803E1492-22FA-4F63-9687-A30902682C15}"
EndProject
Project("{2150E333-8FDC-42A3-9474-1A3956D46DE8}") = "net5", "net5", "{85C709D5-793A-4068-9937-4749BCF34267}"
EndProject
Project("{9A19103F-16F7-4668-BE54-9A1E7A4F7556}") = "SampleMvcWebWithUi", "samples\net5\SampleMvcWebWithUi\SampleMvcWebWithUi.csproj", "{8CEDCB64-13BF-4AD1-B7F4-01A8BB42AB07}"
EndProject
Project("{9A19103F-16F7-4668-BE54-9A1E7A4F7556}") = "DynamicAuthorization.Mvc.MsSqlServerStore", "src\DynamicAuthorization.Mvc.MsSqlServerStore\DynamicAuthorization.Mvc.MsSqlServerStore.csproj", "{2CAEFC83-24BF-4C92-B6F1-B3C6714220F2}"
EndProject
Project("{2150E333-8FDC-42A3-9474-1A3956D46DE8}") = "net6", "net6", "{316BAD5C-847E-4BD5-AA4C-E272DD109D31}"
EndProject
Project("{9A19103F-16F7-4668-BE54-9A1E7A4F7556}") = "SampleMvcWebWithUi", "samples\net6\SampleMvcWebWithUi\SampleMvcWebWithUi.csproj", "{09B590EC-D887-4517-A386-EBE88D3DB591}"
EndProject
Global
	GlobalSection(SolutionConfigurationPlatforms) = preSolution
		Debug|Any CPU = Debug|Any CPU
		Release|Any CPU = Release|Any CPU
	EndGlobalSection
	GlobalSection(ProjectConfigurationPlatforms) = postSolution
		{89E57FDC-5AF7-4AAF-A40B-FBA91D41ECF4}.Debug|Any CPU.ActiveCfg = Debug|Any CPU
		{89E57FDC-5AF7-4AAF-A40B-FBA91D41ECF4}.Debug|Any CPU.Build.0 = Debug|Any CPU
		{89E57FDC-5AF7-4AAF-A40B-FBA91D41ECF4}.Release|Any CPU.ActiveCfg = Release|Any CPU
		{89E57FDC-5AF7-4AAF-A40B-FBA91D41ECF4}.Release|Any CPU.Build.0 = Release|Any CPU
		{3E397C28-EDC7-4DCC-896F-476A9EE74E76}.Debug|Any CPU.ActiveCfg = Debug|Any CPU
		{3E397C28-EDC7-4DCC-896F-476A9EE74E76}.Debug|Any CPU.Build.0 = Debug|Any CPU
		{3E397C28-EDC7-4DCC-896F-476A9EE74E76}.Release|Any CPU.ActiveCfg = Release|Any CPU
		{3E397C28-EDC7-4DCC-896F-476A9EE74E76}.Release|Any CPU.Build.0 = Release|Any CPU
		{0833E296-398F-42A4-9531-D125483AB019}.Debug|Any CPU.ActiveCfg = Debug|Any CPU
		{0833E296-398F-42A4-9531-D125483AB019}.Debug|Any CPU.Build.0 = Debug|Any CPU
		{0833E296-398F-42A4-9531-D125483AB019}.Release|Any CPU.ActiveCfg = Release|Any CPU
		{0833E296-398F-42A4-9531-D125483AB019}.Release|Any CPU.Build.0 = Release|Any CPU
		{0FC61895-DE38-4526-96EE-C6CB6AA92A3B}.Debug|Any CPU.ActiveCfg = Debug|Any CPU
		{0FC61895-DE38-4526-96EE-C6CB6AA92A3B}.Debug|Any CPU.Build.0 = Debug|Any CPU
		{0FC61895-DE38-4526-96EE-C6CB6AA92A3B}.Release|Any CPU.ActiveCfg = Release|Any CPU
		{0FC61895-DE38-4526-96EE-C6CB6AA92A3B}.Release|Any CPU.Build.0 = Release|Any CPU
		{4D5C1490-63F8-434A-A730-380AA6441CE9}.Debug|Any CPU.ActiveCfg = Debug|Any CPU
		{4D5C1490-63F8-434A-A730-380AA6441CE9}.Debug|Any CPU.Build.0 = Debug|Any CPU
		{4D5C1490-63F8-434A-A730-380AA6441CE9}.Release|Any CPU.ActiveCfg = Release|Any CPU
		{4D5C1490-63F8-434A-A730-380AA6441CE9}.Release|Any CPU.Build.0 = Release|Any CPU
		{803E1492-22FA-4F63-9687-A30902682C15}.Debug|Any CPU.ActiveCfg = Debug|Any CPU
		{803E1492-22FA-4F63-9687-A30902682C15}.Debug|Any CPU.Build.0 = Debug|Any CPU
		{803E1492-22FA-4F63-9687-A30902682C15}.Release|Any CPU.ActiveCfg = Release|Any CPU
		{803E1492-22FA-4F63-9687-A30902682C15}.Release|Any CPU.Build.0 = Release|Any CPU
		{8CEDCB64-13BF-4AD1-B7F4-01A8BB42AB07}.Debug|Any CPU.ActiveCfg = Debug|Any CPU
		{8CEDCB64-13BF-4AD1-B7F4-01A8BB42AB07}.Debug|Any CPU.Build.0 = Debug|Any CPU
		{8CEDCB64-13BF-4AD1-B7F4-01A8BB42AB07}.Release|Any CPU.ActiveCfg = Release|Any CPU
		{8CEDCB64-13BF-4AD1-B7F4-01A8BB42AB07}.Release|Any CPU.Build.0 = Release|Any CPU
		{2CAEFC83-24BF-4C92-B6F1-B3C6714220F2}.Debug|Any CPU.ActiveCfg = Debug|Any CPU
		{2CAEFC83-24BF-4C92-B6F1-B3C6714220F2}.Debug|Any CPU.Build.0 = Debug|Any CPU
		{2CAEFC83-24BF-4C92-B6F1-B3C6714220F2}.Release|Any CPU.ActiveCfg = Release|Any CPU
		{2CAEFC83-24BF-4C92-B6F1-B3C6714220F2}.Release|Any CPU.Build.0 = Release|Any CPU
		{09B590EC-D887-4517-A386-EBE88D3DB591}.Debug|Any CPU.ActiveCfg = Debug|Any CPU
		{09B590EC-D887-4517-A386-EBE88D3DB591}.Debug|Any CPU.Build.0 = Debug|Any CPU
		{09B590EC-D887-4517-A386-EBE88D3DB591}.Release|Any CPU.ActiveCfg = Release|Any CPU
		{09B590EC-D887-4517-A386-EBE88D3DB591}.Release|Any CPU.Build.0 = Release|Any CPU
	EndGlobalSection
	GlobalSection(SolutionProperties) = preSolution
		HideSolutionNode = FALSE
	EndGlobalSection
	GlobalSection(NestedProjects) = preSolution
		{89E57FDC-5AF7-4AAF-A40B-FBA91D41ECF4} = {A7EEBB7E-C64D-4475-93D0-872E080A4E03}
		{3E397C28-EDC7-4DCC-896F-476A9EE74E76} = {A7EEBB7E-C64D-4475-93D0-872E080A4E03}
		{5FEB9007-1EFA-4814-BC15-DB0370B84E22} = {BAAF9837-1DB5-4032-AB2A-2901E6EE6EF8}
		{0833E296-398F-42A4-9531-D125483AB019} = {5FEB9007-1EFA-4814-BC15-DB0370B84E22}
		{0FC61895-DE38-4526-96EE-C6CB6AA92A3B} = {DF22D7D8-4CE9-4A0E-9D9B-FB5D6D637089}
		{4D5C1490-63F8-434A-A730-380AA6441CE9} = {A7EEBB7E-C64D-4475-93D0-872E080A4E03}
		{803E1492-22FA-4F63-9687-A30902682C15} = {5FEB9007-1EFA-4814-BC15-DB0370B84E22}
		{85C709D5-793A-4068-9937-4749BCF34267} = {BAAF9837-1DB5-4032-AB2A-2901E6EE6EF8}
		{8CEDCB64-13BF-4AD1-B7F4-01A8BB42AB07} = {85C709D5-793A-4068-9937-4749BCF34267}
		{2CAEFC83-24BF-4C92-B6F1-B3C6714220F2} = {A7EEBB7E-C64D-4475-93D0-872E080A4E03}
		{316BAD5C-847E-4BD5-AA4C-E272DD109D31} = {BAAF9837-1DB5-4032-AB2A-2901E6EE6EF8}
		{09B590EC-D887-4517-A386-EBE88D3DB591} = {316BAD5C-847E-4BD5-AA4C-E272DD109D31}
	EndGlobalSection
	GlobalSection(ExtensibilityGlobals) = postSolution
		SolutionGuid = {18C80710-C9E9-488B-9100-1E4BF8B18038}
	EndGlobalSection
EndGlobal
