
Microsoft Visual Studio Solution File, Format Version 12.00
# Visual Studio Version 16
VisualStudioVersion = 16.0.29709.97
MinimumVisualStudioVersion = 10.0.40219.1
Project("{9A19103F-16F7-4668-BE54-9A1E7A4F7556}") = "DynamicRoleBasedAuthorization", "DynamicRoleBasedAuthorization\DynamicRoleBasedAuthorization.csproj", "{FF9B4BAF-0879-4A28-9C80-710EA0B94829}"
EndProject
Project("{2150E333-8FDC-42A3-9474-1A3956D46DE8}") = "samples", "samples", "{E3B4BD51-94A7-426A-B3BD-0F7BBE8A02CB}"
EndProject
Global
	GlobalSection(SolutionConfigurationPlatforms) = preSolution
		Debug|Any CPU = Debug|Any CPU
		Release|Any CPU = Release|Any CPU
	EndGlobalSection
	GlobalSection(ProjectConfigurationPlatforms) = postSolution
		{FF9B4BAF-0879-4A28-9C80-710EA0B94829}.Debug|Any CPU.ActiveCfg = Debug|Any CPU
		{FF9B4BAF-0879-4A28-9C80-710EA0B94829}.Debug|Any CPU.Build.0 = Debug|Any CPU
		{FF9B4BAF-0879-4A28-9C80-710EA0B94829}.Release|Any CPU.ActiveCfg = Release|Any CPU
		{FF9B4BAF-0879-4A28-9C80-710EA0B94829}.Release|Any CPU.Build.0 = Release|Any CPU
	EndGlobalSection
	GlobalSection(SolutionProperties) = preSolution
		HideSolutionNode = FALSE
	EndGlobalSection
	GlobalSection(ExtensibilityGlobals) = postSolution
		SolutionGuid = {18C80710-C9E9-488B-9100-1E4BF8B18038}
	EndGlobalSection
EndGlobal
